{
  "name": "storyteller",
  "requires": true,
  "lockfileVersion": 1,
  "dependencies": {
    "ts-protoc-gen": {
      "version": "0.9.0",
      "resolved": "https://registry.npmjs.org/ts-protoc-gen/-/ts-protoc-gen-0.9.0.tgz",
      "integrity": "sha512-cFEUTY9U9o6C4DPPfMHk2ZUdIAKL91hZN1fyx5Stz3g56BDVOC7hk+r5fEMCAGaaIgi2akkT1a2hrxu1wo2Phg==",
      "dev": true
    },
    "workspacerun": {
      "version": "1.0.5",
      "resolved": "https://registry.npmjs.org/workspacerun/-/workspacerun-1.0.5.tgz",
      "integrity": "sha512-+DCWshnIwpbaoEc1QOYErRB0i/Cz+HaYmRGpIG8l+vBeYyYsidFisTlghgB4KyHb+t2u/KJN5dNcLQSRNxhf/w==",
      "dev": true
    }
  }
}
